{
  "name": "claude-motion-reel",
  "version": "1.0.0",
  "lockfileVersion": 3,
  "requires": true,
  "packages": {
    "": {
      "name": "claude-motion-reel",
      "version": "1.0.0",
      "license": "MIT",
      "dependencies": {
        "@fontsource-variable/bricolage-grotesque": "^5.3.0",
        "@fontsource-variable/cormorant-garamond": "^5.3.0",
        "@fontsource-variable/figtree": "^5.3.0",
        "@fontsource-variable/instrument-sans": "^5.3.0",
        "@fontsource-variable/inter": "^5.3.0",
        "@fontsource-variable/inter-tight": "^5.3.0",
        "@fontsource-variable/plus-jakarta-sans": "^5.3.0",
        "@fontsource/cormorant-garamond": "^5.3.0",
        "@fontsource/ibm-plex-mono": "^5.3.0",
        "@fontsource/instrument-serif": "^5.3.0",
        "@fontsource/jetbrains-mono": "^5.3.0",
        "@fontsource/noto-serif-sc": "^5.3.0",
        "lucide": "^1.48.0",
        "playwright-core": "^1.63.0",
        "three": "^0.186.1"
      }
    },
    "node_modules/@fontsource-variable/bricolage-grotesque": {
      "version": "5.3.0",
      "resolved": "https://registry.npmjs.org/@fontsource-variable/bricolage-grotesque/-/bricolage-grotesque-5.3.0.tgz",
      "integrity": "sha512-TLi9Q4hJjS2UvoTMRSS2nHu6c4R56lAw60NR9QYtVRCHn0XtsFpiEhNffZ8Glsoxu6wEEwLKBP8lb94J52PNBA==",
      "license": "OFL-1.1",
      "funding": {
        "url": "https://github.com/sponsors/ayuhito"
      }
    },
    "node_modules/@fontsource-variable/cormorant-garamond": {
      "version": "5.3.0",
      "resolved": "https://registry.npmjs.org/@fontsource-variable/cormorant-garamond/-/cormorant-garamond-5.3.0.tgz",
      "integrity": "sha512-rgZJ/5w3hi60swAPnrOXpZf5wEH6NTrvm4H8D9Y4b1QIFUqlX14eM3QTMU/eAznjfh0eXpO1QUqsFhiy58aoMg==",
      "license": "OFL-1.1",
      "funding": {
        "url": "https://github.com/sponsors/ayuhito"
      }
    },
    "node_modules/@fontsource-variable/figtree": {
      "version": "5.3.0",
      "resolved": "https://registry.npmjs.org/@fontsource-variable/figtree/-/figtree-5.3.0.tgz",
      "integrity": "sha512-VRVodD7OiG7apQwE8/2fMjaqpY/a0qRJqL5HtYj8CKIVps+9amaFcdfKmDIf7iqYQx6iPLlArVXAfKeIZmVcNQ==",
      "license": "OFL-1.1",
      "funding": {
        "url": "https://github.com/sponsors/ayuhito"
      }
    },
    "node_modules/@fontsource-variable/instrument-sans": {
      "version": "5.3.0",
      "resolved": "https://registry.npmjs.org/@fontsource-variable/instrument-sans/-/instrument-sans-5.3.0.tgz",
      "integrity": "sha512-u4gKbDBTNFGkg997tfQn3eHOhHuquWUFTRT/rwzuKtrxX5P2ekfs2x+LgBPP4P32+cC+vUwF1Cr+IdRoPQbrGw==",
      "license": "OFL-1.1",
      "funding": {
        "url": "https://github.com/sponsors/ayuhito"
      }
    },
    "node_modules/@fontsource-variable/inter": {
      "version": "5.3.0",
      "resolved": "https://registry.npmjs.org/@fontsource-variable/inter/-/inter-5.3.0.tgz",
      "integrity": "sha512-OupL48va4JNofb97w6NYeF9S7W/kHNKM0Er8Dem5nqi4jeOLrVJDoE8tZEpnMJmtkvNbB1EIPPwHcdkF6b1oUA==",
      "license": "OFL-1.1",
      "funding": {
        "url": "https://github.com/sponsors/ayuhito"
      }
    },
    "node_modules/@fontsource-variable/inter-tight": {
      "version": "5.3.0",
      "resolved": "https://registry.npmjs.org/@fontsource-variable/inter-tight/-/inter-tight-5.3.0.tgz",
      "integrity": "sha512-ZhZZ29sNZ15P1K+cUt13GeBRYON0akgmNiftshUeDLos7X7zGcRgPzt434879Xhq1QbwlW3M/apBMk7jWabwvA==",
      "license": "OFL-1.1",
      "funding": {
        "url": "https://github.com/sponsors/ayuhito"
      }
    },
    "node_modules/@fontsource-variable/plus-jakarta-sans": {
      "version": "5.3.0",
      "resolved": "https://registry.npmjs.org/@fontsource-variable/plus-jakarta-sans/-/plus-jakarta-sans-5.3.0.tgz",
      "integrity": "sha512-/l/4r0yyWK9JzAlmA0LiYgGgmJe/Gswt4jTJEzr5QhJfwMbvJZDmYWyW0M4X7yCK69BajMVlV/Lx8g7WDc1+sw==",
      "license": "OFL-1.1",
      "funding": {
        "url": "https://github.com/sponsors/ayuhito"
      }
    },
    "node_modules/@fontsource/cormorant-garamond": {
      "version": "5.3.0",
      "resolved": "https://registry.npmjs.org/@fontsource/cormorant-garamond/-/cormorant-garamond-5.3.0.tgz",
      "integrity": "sha512-weuGsCirGVWBWqpt6YUp0yLThTe4G8YO45noq8wxeJCRvEpq5lFrxNMFSTxcyOyV5k5otzJ8guDzYegdYlcLMQ==",
      "license": "OFL-1.1",
      "funding": {
        "url": "https://github.com/sponsors/ayuhito"
      }
    },
    "node_modules/@fontsource/ibm-plex-mono": {
      "version": "5.3.0",
      "resolved": "https://registry.npmjs.org/@fontsource/ibm-plex-mono/-/ibm-plex-mono-5.3.0.tgz",
      "integrity": "sha512-eTgnZjZEGk1QtD3ZstF+Vclo2HLAni8YMy34/DxllwZvyz1lR/1RF/xTiAquOBO7MvqBx8D2Ig2WCPMVfdZu7Q==",
      "license": "OFL-1.1",
      "funding": {
        "url": "https://github.com/sponsors/ayuhito"
      }
    },
    "node_modules/@fontsource/instrument-serif": {
      "version": "5.3.0",
      "resolved": "https://registry.npmjs.org/@fontsource/instrument-serif/-/instrument-serif-5.3.0.tgz",
      "integrity": "sha512-mDiaIg0u67sYV59fie92Wz4sM8UiVlbL7fLxnFPCKkX15DMASEnQTREbaP5S5/3DCcsoAOcQ0sV9E4AeY4QqYQ==",
      "license": "OFL-1.1",
      "funding": {
        "url": "https://github.com/sponsors/ayuhito"
      }
    },
    "node_modules/@fontsource/jetbrains-mono": {
      "version": "5.3.0",
      "resolved": "https://registry.npmjs.org/@fontsource/jetbrains-mono/-/jetbrains-mono-5.3.0.tgz",
      "integrity": "sha512-fqDfB5I9f1p1TV486aUgB9t8zP84P0O1FtQR5Ol9vjwPy+S+EIGlVYm1cvj2W5shcZMTg2nZFdVMoH5wFu8a1A==",
      "license": "OFL-1.1",
      "funding": {
        "url": "https://github.com/sponsors/ayuhito"
      }
    },
    "node_modules/@fontsource/noto-serif-sc": {
      "version": "5.3.0",
      "resolved": "https://registry.npmjs.org/@fontsource/noto-serif-sc/-/noto-serif-sc-5.3.0.tgz",
      "integrity": "sha512-0/zaEFkidiWldE62rTeD74x8ygUsQvejiSNtO0LQxQk3qpaHnlMZ3w4C7yH80B4KTIg8VKeFP4oSgwWMchY9+g==",
      "license": "OFL-1.1",
      "funding": {
        "url": "https://github.com/sponsors/ayuhito"
      }
    },
    "node_modules/lucide": {
      "version": "1.48.0",
      "resolved": "https://registry.npmjs.org/lucide/-/lucide-1.48.0.tgz",
      "integrity": "sha512-8FglIlGkcIItJjJfLUiqAufUCdbtnTOsdG02/fxXd4oIt+NrcrEVH8t0ZcKAfawxHckorO5qJ9XDfnJbdf0TOg==",
      "license": "ISC"
    },
    "node_modules/playwright-core": {
      "version": "1.63.0",
      "resolved": "https://registry.npmjs.org/playwright-core/-/playwright-core-1.63.0.tgz",
      "integrity": "sha512-rYCsBF/M5HjUch52bbtVONEFjv6Xu8sm8h72dNlR5bzIE1fvC/bxgspzkjSfU+MweEMmPM8KJebG6nnyxo5mCg==",
      "license": "Apache-2.0",
      "bin": {
        "playwright-core": "cli.js"
      },
      "engines": {
        "node": ">=20"
      }
    },
    "node_modules/three": {
      "version": "0.186.1",
      "resolved": "https://registry.npmjs.org/three/-/three-0.186.1.tgz",
      "integrity": "sha512-blFeqb49wRCSGUGj7gtpfnSGHy2lwDk94RhUmS1c/hTby70kvChbWpkJ4Pm1390LqzzvTmzgXKHPEafJwCb8jA==",
      "license": "MIT"
    }
  }
}
